<?xml version="1.0" encoding="utf-8"?>
<Project ToolsVersion="4.0" xmlns="http://schemas.microsoft.com/developer/msbuild/2003">
  <ItemGroup>
    <Filter Include="소스 파일">
      <UniqueIdentifier>{4FC737F1-C7A5-4376-A066-2A32D752A2FF}</UniqueIdentifier>
      <Extensions>cpp;c;cc;cxx;c++;cppm;ixx;def;odl;idl;hpj;bat;asm;asmx</Extensions>
    </Filter>
    <Filter Include="리소스 파일">
      <UniqueIdentifier>{67DA6AB6-F800-4c08-8B7A-83BB121AAD01}</UniqueIdentifier>
      <Extensions>rc;ico;cur;bmp;dlg;rc2;rct;bin;rgs;gif;jpg;jpeg;jpe;resx;tiff;tif;png;wav;mfcribbon-ms</Extensions>
    </Filter>
    <Filter Include="헤더파일">
      <UniqueIdentifier>{046ddc27-8e39-4f8e-bd12-86b7135ab3c2}</UniqueIdentifier>
    </Filter>
  </ItemGroup>
  <ItemGroup>
    <ClCompile Include="main.cpp">
      <Filter>소스 파일</Filter>
    </ClCompile>
    <ClCompile Include="Vector4D.cpp">
      <Filter>소스 파일</Filter>
    </ClCompile>
    <ClCompile Include="Color.cpp">
      <Filter>소스 파일</Filter>
    </ClCompile>
    <ClCompile Include="SceneManager.cpp">
      <Filter>소스 파일</Filter>
    </ClCompile>
    <ClCompile Include="Object.cpp">
      <Filter>소스 파일</Filter>
    </ClCompile>
    <ClCompile Include="SceneEditer.cpp">
      <Filter>소스 파일</Filter>
    </ClCompile>
    <ClCompile Include="MlxManager.cpp">
      <Filter>소스 파일</Filter>
    </ClCompile>
    <ClCompile Include="Timer.cpp">
      <Filter>소스 파일</Filter>
    </ClCompile>
    <ClCompile Include="Matrix4x4.cpp">
      <Filter>소스 파일</Filter>
    </ClCompile>
    <ClCompile Include="Plain.cpp">
      <Filter>소스 파일</Filter>
    </ClCompile>
    <ClCompile Include="Light.cpp">
      <Filter>소스 파일</Filter>
    </ClCompile>
    <ClCompile Include="RayCastingSimulator.cpp">
      <Filter>소스 파일</Filter>
    </ClCompile>
    <ClCompile Include="Ray.cpp">
      <Filter>소스 파일</Filter>
    </ClCompile>
  </ItemGroup>
  <ItemGroup>
    <ClInclude Include="Vector4D.h" />
    <ClInclude Include="Ray.h">
      <Filter>헤더파일</Filter>
    </ClInclude>
    <ClInclude Include="Light.h">
      <Filter>헤더파일</Filter>
    </ClInclude>
    <ClInclude Include="Color.h" />
    <ClInclude Include="Cam.h">
      <Filter>헤더파일</Filter>
    </ClInclude>
    <ClInclude Include="SceneManager.h" />
    <ClInclude Include="Object.h" />
    <ClInclude Include="SceneEditer.h" />
    <ClInclude Include="MlxManager.h" />
    <ClInclude Include="mlx.h">
      <Filter>헤더파일</Filter>
    </ClInclude>
    <ClInclude Include="Timer.h" />
    <ClInclude Include="Matrix4x4.h" />
    <ClInclude Include="Plain.h" />
    <ClInclude Include="ASSERT.h">
      <Filter>헤더파일</Filter>
    </ClInclude>
    <ClInclude Include="RayCastingSimulator.h" />
    <ClInclude Include="Resolution.h">
      <Filter>헤더파일</Filter>
    </ClInclude>
  </ItemGroup>
  <ItemGroup>
    <None Include="quadrics_sample.rt">
      <Filter>리소스 파일</Filter>
    </None>
    <None Include="output.ppm">
      <Filter>리소스 파일</Filter>
    </None>
    <None Include="colored_shaodow_test.rt">
      <Filter>리소스 파일</Filter>
    </None>
    <None Include="room_with_objs.rt">
      <Filter>리소스 파일</Filter>
    </None>
    <None Include="single_circle.rt">
      <Filter>리소스 파일</Filter>
    </None>
  </ItemGroup>
</Project>